Microsoft Visual Studio Solution File, Format Version 12.00
# Visual Studio Version 17
VisualStudioVersion = 17.5.2.0
MinimumVisualStudioVersion = 10.0.40219.1
Project("{FAE04EC0-301F-11D3-BF4B-00C04F79EFBC}") = "DataTable to CSV", "DataTable to CSV.csproj", "{6EFE9CEB-9A05-7B56-D17B-08A76E71AA9D}"
EndProject
Global
	GlobalSection(SolutionConfigurationPlatforms) = preSolution
		Debug|Any CPU = Debug|Any CPU
		Release|Any CPU = Release|Any CPU
	EndGlobalSection
	GlobalSection(ProjectConfigurationPlatforms) = postSolution
		{6EFE9CEB-9A05-7B56-D17B-08A76E71AA9D}.Debug|Any CPU.ActiveCfg = Debug|Any CPU
		{6EFE9CEB-9A05-7B56-D17B-08A76E71AA9D}.Debug|Any CPU.Build.0 = Debug|Any CPU
		{6EFE9CEB-9A05-7B56-D17B-08A76E71AA9D}.Release|Any CPU.ActiveCfg = Release|Any CPU
		{6EFE9CEB-9A05-7B56-D17B-08A76E71AA9D}.Release|Any CPU.Build.0 = Release|Any CPU
	EndGlobalSection
	GlobalSection(SolutionProperties) = preSolution
		HideSolutionNode = FALSE
	EndGlobalSection
	GlobalSection(ExtensibilityGlobals) = postSolution
		SolutionGuid = {AA08D2B0-8577-40A5-A8C7-84F21F3AE57E}
	EndGlobalSection
EndGlobal
